// !$*UTF8*$!
{
	archiveVersion = 1;
	classes = {
	};
	objectVersion = 46;
	objects = {

/* Begin PBXBuildFile section */
		933F78EF1F6672AC00DC7395 /* LoginViewController.m in Sources */ = {isa = PBXBuildFile; fileRef = 933F78EE1F6672AC00DC7395 /* LoginViewController.m */; };
		A2835F3C1F661FC80061328A /* main.m in Sources */ = {isa = PBXBuildFile; fileRef = A2835F3B1F661FC80061328A /* main.m */; };
		A2835F3F1F661FC80061328A /* AppDelegate.m in Sources */ = {isa = PBXBuildFile; fileRef = A2835F3E1F661FC80061328A /* AppDelegate.m */; };
		A2835F421F661FC80061328A /* ViewController.m in Sources */ = {isa = PBXBuildFile; fileRef = A2835F411F661FC80061328A /* ViewController.m */; };
		A2835F451F661FC80061328A /* Main.storyboard in Resources */ = {isa = PBXBuildFile; fileRef = A2835F431F661FC80061328A /* Main.storyboard */; };
		A2835F471F661FC80061328A /* Assets.xcassets in Resources */ = {isa = PBXBuildFile; fileRef = A2835F461F661FC80061328A /* Assets.xcassets */; };
		A2835F4A1F661FC80061328A /* LaunchScreen.storyboard in Resources */ = {isa = PBXBuildFile; fileRef = A2835F481F661FC80061328A /* LaunchScreen.storyboard */; };
/* End PBXBuildFile section */

/* Begin PBXFileReference section */
		933F78ED1F6672AC00DC7395 /* LoginViewController.h */ = {isa = PBXFileReference; fileEncoding = 4; lastKnownFileType = sourcecode.c.h; name = LoginViewController.h; path = ../LoginViewController.h; sourceTree = "<group>"; };
		933F78EE1F6672AC00DC7395 /* LoginViewController.m */ = {isa = PBXFileReference; fileEncoding = 4; lastKnownFileType = sourcecode.c.objc; name = LoginViewController.m; path = ../LoginViewController.m; sourceTree = "<group>"; };
		A2835F371F661FC80061328A /* Objective-C-C.app */ = {isa = PBXFileReference; explicitFileType = wrapper.application; includeInIndex = 0; path = "Objective-C-C.app"; sourceTree = BUILT_PRODUCTS_DIR; };
		A2835F3B1F661FC80061328A /* main.m */ = {isa = PBXFileReference; lastKnownFileType = sourcecode.c.objc; path = main.m; sourceTree = "<group>"; };
		A2835F3D1F661FC80061328A /* AppDelegate.h */ = {isa = PBXFileReference; lastKnownFileType = sourcecode.c.h; path = AppDelegate.h; sourceTree = "<group>"; };
		A2835F3E1F661FC80061328A /* AppDelegate.m */ = {isa = PBXFileReference; lastKnownFileType = sourcecode.c.objc; path = AppDelegate.m; sourceTree = "<group>"; };
		A2835F401F661FC80061328A /* ViewController.h */ = {isa = PBXFileReference; lastKnownFileType = sourcecode.c.h; path = ViewController.h; sourceTree = "<group>"; };
		A2835F411F661FC80061328A /* ViewController.m */ = {isa = PBXFileReference; lastKnownFileType = sourcecode.c.objc; path = ViewController.m; sourceTree = "<group>"; };
		A2835F441F661FC80061328A /* Base */ = {isa = PBXFileReference; lastKnownFileType = file.storyboard; name = Base; path = Base.lproj/Main.storyboard; sourceTree = "<group>"; };
		A2835F461F661FC80061328A /* Assets.xcassets */ = {isa = PBXFileReference; lastKnownFileType = folder.assetcatalog; path = Assets.xcassets; sourceTree = "<group>"; };
		A2835F491F661FC80061328A /* Base */ = {isa = PBXFileReference; lastKnownFileType = file.storyboard; name = Base; path = Base.lproj/LaunchScreen.storyboard; sourceTree = "<group>"; };
		A2835F4B1F661FC80061328A /* Info.plist */ = {isa = PBXFileReference; lastKnownFileType = text.plist.xml; path = Info.plist; sourceTree = "<group>"; };
/* End PBXFileReference section */

/* Begin PBXFrameworksBuildPhase section */
		A2835F341F661FC80061328A /* Frameworks */ = {
			isa = PBXFrameworksBuildPhase;
			buildActionMask = 2147483647;
			files = (
			);
			runOnlyForDeploymentPostprocessing = 0;
		};
/* End PBXFrameworksBuildPhase section */

/* Begin PBXGroup section */
		A2835F2E1F661FC80061328A = {
			isa = PBXGroup;
			children = (
				A2835F391F661FC80061328A /* Objective-C-C */,
				A2835F381F661FC80061328A /* Products */,
			);
			sourceTree = "<group>";
		};
		A2835F381F661FC80061328A /* Products */ = {
			isa = PBXGroup;
			children = (
				A2835F371F661FC80061328A /* Objective-C-C.app */,
			);
			name = Products;
			sourceTree = "<group>";
		};
		A2835F391F661FC80061328A /* Objective-C-C */ = {
			isa = PBXGroup;
			children = (
				A2835F3D1F661FC80061328A /* AppDelegate.h */,
				A2835F3E1F661FC80061328A /* AppDelegate.m */,
				933F78ED1F6672AC00DC7395 /* LoginViewController.h */,
				933F78EE1F6672AC00DC7395 /* LoginViewController.m */,
				A2835F401F661FC80061328A /* ViewController.h */,
				A2835F411F661FC80061328A /* ViewController.m */,
				A2835F431F661FC80061328A /* Main.storyboard */,
				A2835F461F661FC80061328A /* Assets.xcassets */,
				A2835F481F661FC80061328A /* LaunchScreen.storyboard */,
				A2835F4B1F661FC80061328A /* Info.plist */,
				A2835F3A1F661FC80061328A /* Supporting Files */,
			);
			path = "Objective-C-C";
			sourceTree = "<group>";
		};
		A2835F3A1F661FC80061328A /* Supporting Files */ = {
			isa = PBXGroup;
			children = (
				A2835F3B1F661FC80061328A /* main.m */,
			);
			name = "Supporting Files";
			sourceTree = "<group>";
		};
/* End PBXGroup section */

/* Begin PBXNativeTarget section */
		A2835F361F661FC80061328A /* Objective-C-C */ = {
			isa = PBXNativeTarget;
			buildConfigurationList = A2835F4E1F661FC80061328A /* Build configuration list for PBXNativeTarget "Objective-C-C" */;
			buildPhases = (
				A2835F331F661FC80061328A /* Sources */,
				A2835F341F661FC80061328A /* Frameworks */,
				A2835F351F661FC80061328A /* Resources */,
			);
			buildRules = (
			);
			dependencies = (
			);
			name = "Objective-C-C";
			productName = "Objective-C-C";
			productReference = A2835F371F661FC80061328A /* Objective-C-C.app */;
			productType = "com.apple.product-type.application";
		};
/* End PBXNativeTarget section */

/* Begin PBXProject section */
		A2835F2F1F661FC80061328A /* Project object */ = {
			isa = PBXProject;
			attributes = {
				LastUpgradeCheck = 0830;
				ORGANIZATIONNAME = Brad;
				TargetAttributes = {
					A2835F361F661FC80061328A = {
						CreatedOnToolsVersion = 8.3.3;
						ProvisioningStyle = Automatic;
					};
				};
			};
			buildConfigurationList = A2835F321F661FC80061328A /* Build configuration list for PBXProject "Objective-C-C" */;
			compatibilityVersion = "Xcode 3.2";
			developmentRegion = English;
			hasScannedForEncodings = 0;
			knownRegions = (
				en,
				Base,
			);
			mainGroup = A2835F2E1F661FC80061328A;
			productRefGroup = A2835F381F661FC80061328A /* Products */;
			projectDirPath = "";
			projectRoot = "";
			targets = (
				A2835F361F661FC80061328A /* Objective-C-C */,
			);
		};
/* End PBXProject section */

/* Begin PBXResourcesBuildPhase section */
		A2835F351F661FC80061328A /* Resources */ = {
			isa = PBXResourcesBuildPhase;
			buildActionMask = 2147483647;
			files = (
				A2835F4A1F661FC80061328A /* LaunchScreen.storyboard in Resources */,
				A2835F471F661FC80061328A /* Assets.xcassets in Resources */,
				A2835F451F661FC80061328A /* Main.storyboard in Resources */,
			);
			runOnlyForDeploymentPostprocessing = 0;
		};
/* End PBXResourcesBuildPhase section */

/* Begin PBXSourcesBuildPhase section */
		A2835F331F661FC80061328A /* Sources */ = {
			isa = PBXSourcesBuildPhase;
			buildActionMask = 2147483647;
			files = (
				933F78EF1F6672AC00DC7395 /* LoginViewController.m in Sources */,
				A2835F421F661FC80061328A /* ViewController.m in Sources */,
				A2835F3F1F661FC80061328A /* AppDelegate.m in Sources */,
				A2835F3C1F661FC80061328A /* main.m in Sources */,
			);
			runOnlyForDeploymentPostprocessing = 0;
		};
/* End PBXSourcesBuildPhase section */

/* Begin PBXVariantGroup section */
		A2835F431F661FC80061328A /* Main.storyboard */ = {
			isa = PBXVariantGroup;
			children = (
				A2835F441F661FC80061328A /* Base */,
			);
			name = Main.storyboard;
			sourceTree = "<group>";
		};
		A2835F481F661FC80061328A /* LaunchScreen.storyboard */ = {
			isa = PBXVariantGroup;
			children = (
				A2835F491F661FC80061328A /* Base */,
			);
			name = LaunchScreen.storyboard;
			sourceTree = "<group>";
		};
/* End PBXVariantGroup section */

/* Begin XCBuildConfiguration section */
		A2835F4C1F661FC80061328A /* Debug */ = {
			isa = XCBuildConfiguration;
			buildSettings = {
				ALWAYS_SEARCH_USER_PATHS = NO;
				CLANG_ANALYZER_NONNULL = YES;
				CLANG_ANALYZER_NUMBER_OBJECT_CONVERSION = YES_AGGRESSIVE;
				CLANG_CXX_LANGUAGE_STANDARD = "gnu++0x";
				CLANG_CXX_LIBRARY = "libc++";
				CLANG_ENABLE_MODULES = YES;
				CLANG_ENABLE_OBJC_ARC = YES;
				CLANG_WARN_BOOL_CONVERSION = YES;
				CLANG_WARN_CONSTANT_CONVERSION = YES;
				CLANG_WARN_DIRECT_OBJC_ISA_USAGE = YES_ERROR;
				CLANG_WARN_DOCUMENTATION_COMMENTS = YES;
				CLANG_WARN_EMPTY_BODY = YES;
				CLANG_WARN_ENUM_CONVERSION = YES;
				CLANG_WARN_INFINITE_RECURSION = YES;
				CLANG_WARN_INT_CONVERSION = YES;
				CLANG_WARN_OBJC_ROOT_CLASS = YES_ERROR;
				CLANG_WARN_SUSPICIOUS_MOVE = YES;
				CLANG_WARN_UNREACHABLE_CODE = YES;
				CLANG_WARN__DUPLICATE_METHOD_MATCH = YES;
				"CODE_SIGN_IDENTITY[sdk=iphoneos*]" = "iPhone Developer";
				COPY_PHASE_STRIP = NO;
				DEBUG_INFORMATION_FORMAT = dwarf;
				ENABLE_STRICT_OBJC_MSGSEND = YES;
				ENABLE_TESTABILITY = YES;
				GCC_C_LANGUAGE_STANDARD = gnu99;
				GCC_DYNAMIC_NO_PIC = NO;
				GCC_NO_COMMON_BLOCKS = YES;
				GCC_OPTIMIZATION_LEVEL = 0;
				GCC_PREPROCESSOR_DEFINITIONS = (
					"DEBUG=1",
					"$(inherited)",
				);
				GCC_WARN_64_TO_32_BIT_CONVERSION = YES;
				GCC_WARN_ABOUT_RETURN_TYPE = YES_ERROR;
				GCC_WARN_UNDECLARED_SELECTOR = YES;
				GCC_WARN_UNINITIALIZED_AUTOS = YES_AGGRESSIVE;
				GCC_WARN_UNUSED_FUNCTION = YES;
				GCC_WARN_UNUSED_VARIABLE = YES;
				IPHONEOS_DEPLOYMENT_TARGET = 10.3;
				MTL_ENABLE_DEBUG_INFO = YES;
				ONLY_ACTIVE_ARCH = YES;
				SDKROOT = iphoneos;
			};
			name = Debug;
		};
		A2835F4D1F661FC80061328A /* Release */ = {
			isa = XCBuildConfiguration;
			buildSettings = {
				ALWAYS_SEARCH_USER_PATHS = NO;
				CLANG_ANALYZER_NONNULL = YES;
				CLANG_ANALYZER_NUMBER_OBJECT_CONVERSION = YES_AGGRESSIVE;
				CLANG_CXX_LANGUAGE_STANDARD = "gnu++0x";
				CLANG_CXX_LIBRARY = "libc++";
				CLANG_ENABLE_MODULES = YES;
				CLANG_ENABLE_OBJC_ARC = YES;
				CLANG_WARN_BOOL_CONVERSION = YES;
				CLANG_WARN_CONSTANT_CONVERSION = YES;
				CLANG_WARN_DIRECT_OBJC_ISA_USAGE = YES_ERROR;
				CLANG_WARN_DOCUMENTATION_COMMENTS = YES;
				CLANG_WARN_EMPTY_BODY = YES;
				CLANG_WARN_ENUM_CONVERSION = YES;
				CLANG_WARN_INFINITE_RECURSION = YES;
				CLANG_WARN_INT_CONVERSION = YES;
				CLANG_WARN_OBJC_ROOT_CLASS = YES_ERROR;
				CLANG_WARN_SUSPICIOUS_MOVE = YES;
				CLANG_WARN_UNREACHABLE_CODE = YES;
				CLANG_WARN__DUPLICATE_METHOD_MATCH = YES;
				"CODE_SIGN_IDENTITY[sdk=iphoneos*]" = "iPhone Developer";
				COPY_PHASE_STRIP = NO;
				DEBUG_INFORMATION_FORMAT = "dwarf-with-dsym";
				ENABLE_NS_ASSERTIONS = NO;
				ENABLE_STRICT_OBJC_MSGSEND = YES;
				GCC_C_LANGUAGE_STANDARD = gnu99;
				GCC_NO_COMMON_BLOCKS = YES;
				GCC_WARN_64_TO_32_BIT_CONVERSION = YES;
				GCC_WARN_ABOUT_RETURN_TYPE = YES_ERROR;
				GCC_WARN_UNDECLARED_SELECTOR = YES;
				GCC_WARN_UNINITIALIZED_AUTOS = YES_AGGRESSIVE;
				GCC_WARN_UNUSED_FUNCTION = YES;
				GCC_WARN_UNUSED_VARIABLE = YES;
				IPHONEOS_DEPLOYMENT_TARGET = 10.3;
				MTL_ENABLE_DEBUG_INFO = NO;
				SDKROOT = iphoneos;
				VALIDATE_PRODUCT = YES;
			};
			name = Release;
		};
		A2835F4F1F661FC80061328A /* Debug */ = {
			isa = XCBuildConfiguration;
			buildSettings = {
				ASSETCATALOG_COMPILER_APPICON_NAME = AppIcon;
				INFOPLIST_FILE = "Objective-C-C/Info.plist";
				LD_RUNPATH_SEARCH_PATHS = "$(inherited) @executable_path/Frameworks";
				PRODUCT_BUNDLE_IDENTIFIER = "Lee.Objective-C-C";
				PRODUCT_NAME = "$(TARGET_NAME)";
			};
			name = Debug;
		};
		A2835F501F661FC80061328A /* Release */ = {
			isa = XCBuildConfiguration;
			buildSettings = {
				ASSETCATALOG_COMPILER_APPICON_NAME = AppIcon;
				INFOPLIST_FILE = "Objective-C-C/Info.plist";
				LD_RUNPATH_SEARCH_PATHS = "$(inherited) @executable_path/Frameworks";
				PRODUCT_BUNDLE_IDENTIFIER = "Lee.Objective-C-C";
				PRODUCT_NAME = "$(TARGET_NAME)";
			};
			name = Release;
		};
/* End XCBuildConfiguration section */

/* Begin XCConfigurationList section */
		A2835F321F661FC80061328A /* Build configuration list for PBXProject "Objective-C-C" */ = {
			isa = XCConfigurationList;
			buildConfigurations = (
				A2835F4C1F661FC80061328A /* Debug */,
				A2835F4D1F661FC80061328A /* Release */,
			);
			defaultConfigurationIsVisible = 0;
			defaultConfigurationName = Release;
		};
		A2835F4E1F661FC80061328A /* Build configuration list for PBXNativeTarget "Objective-C-C" */ = {
			isa = XCConfigurationList;
			buildConfigurations = (
				A2835F4F1F661FC80061328A /* Debug */,
				A2835F501F661FC80061328A /* Release */,
			);
			defaultConfigurationIsVisible = 0;
			defaultConfigurationName = Release;
		};
/* End XCConfigurationList section */
	};
	rootObject = A2835F2F1F661FC80061328A /* Project object */;
}
